// !$*UTF8*$!
{
	archiveVersion = 1;
	classes = {
	};
	objectVersion = 56;
	objects = {

/* Begin PBXBuildFile section */
		4955900C29A6873D003864F6 /* MyFirstApp.swift in Sources */ = {isa = PBXBuildFile; fileRef = 4955900B29A6873D003864F6 /* MyFirstApp.swift */; };
		4955900E29A6873D003864F6 /* ContentView.swift in Sources */ = {isa = PBXBuildFile; fileRef = 4955900D29A6873D003864F6 /* ContentView.swift */; };
		4955901029A6873E003864F6 /* Assets.xcassets in Resources */ = {isa = PBXBuildFile; fileRef = 4955900F29A6873E003864F6 /* Assets.xcassets */; };
		4955901429A6873E003864F6 /* Preview Assets.xcassets in Resources */ = {isa = PBXBuildFile; fileRef = 4955901329A6873E003864F6 /* Preview Assets.xcassets */; };
		4955901E29A6873F003864F6 /* MyFirstTests.swift in Sources */ = {isa = PBXBuildFile; fileRef = 4955901D29A6873F003864F6 /* MyFirstTests.swift */; };
		4955902829A6873F003864F6 /* MyFirstUITests.swift in Sources */ = {isa = PBXBuildFile; fileRef = 4955902729A6873F003864F6 /* MyFirstUITests.swift */; };
		4955902A29A6873F003864F6 /* MyFirstUITestsLaunchTests.swift in Sources */ = {isa = PBXBuildFile; fileRef = 4955902929A6873F003864F6 /* MyFirstUITestsLaunchTests.swift */; };
		4984724529DC716A00E39AC5 /* Api.swift in Sources */ = {isa = PBXBuildFile; fileRef = 4984724429DC716A00E39AC5 /* Api.swift */; };
		4984724829DC71A400E39AC5 /* Country.swift in Sources */ = {isa = PBXBuildFile; fileRef = 4984724729DC71A400E39AC5 /* Country.swift */; };
		4984724A29DC78E400E39AC5 /* City.swift in Sources */ = {isa = PBXBuildFile; fileRef = 4984724929DC78E400E39AC5 /* City.swift */; };
		49B95C3529F5946300D189EE /* Product.swift in Sources */ = {isa = PBXBuildFile; fileRef = 49B95C3429F5946300D189EE /* Product.swift */; };
		49B95C3729F5950200D189EE /* Item.swift in Sources */ = {isa = PBXBuildFile; fileRef = 49B95C3629F5950200D189EE /* Item.swift */; };
		49B95C3A29F5A2B100D189EE /* ProductDetailView.swift in Sources */ = {isa = PBXBuildFile; fileRef = 49B95C3929F5A2B100D189EE /* ProductDetailView.swift */; };
		49E8B81029AB80940075A1A3 /* Values.swift in Sources */ = {isa = PBXBuildFile; fileRef = 49E8B80F29AB80940075A1A3 /* Values.swift */; };
		B236A3292C21E536008FBCAD /* Extensions.swift in Sources */ = {isa = PBXBuildFile; fileRef = B236A3282C21E536008FBCAD /* Extensions.swift */; };
		B236A3732C254F67008FBCAD /* Continuations.swift in Sources */ = {isa = PBXBuildFile; fileRef = B236A3722C254F67008FBCAD /* Continuations.swift */; };
		B236A3752C25D63C008FBCAD /* Enums.swift in Sources */ = {isa = PBXBuildFile; fileRef = B236A3742C25D63C008FBCAD /* Enums.swift */; };
/* End PBXBuildFile section */

/* Begin PBXContainerItemProxy section */
		4955901A29A6873F003864F6 /* PBXContainerItemProxy */ = {
			isa = PBXContainerItemProxy;
			containerPortal = 4955900029A6873D003864F6 /* Project object */;
			proxyType = 1;
			remoteGlobalIDString = 4955900729A6873D003864F6;
			remoteInfo = MyFirst;
		};
		4955902429A6873F003864F6 /* PBXContainerItemProxy */ = {
			isa = PBXContainerItemProxy;
			containerPortal = 4955900029A6873D003864F6 /* Project object */;
			proxyType = 1;
			remoteGlobalIDString = 4955900729A6873D003864F6;
			remoteInfo = MyFirst;
		};
/* End PBXContainerItemProxy section */

/* Begin PBXFileReference section */
		4955900829A6873D003864F6 /* MyFirst.app */ = {isa = PBXFileReference; explicitFileType = wrapper.application; includeInIndex = 0; path = MyFirst.app; sourceTree = BUILT_PRODUCTS_DIR; };
		4955900B29A6873D003864F6 /* MyFirstApp.swift */ = {isa = PBXFileReference; lastKnownFileType = sourcecode.swift; path = MyFirstApp.swift; sourceTree = "<group>"; };
		4955900D29A6873D003864F6 /* ContentView.swift */ = {isa = PBXFileReference; lastKnownFileType = sourcecode.swift; path = ContentView.swift; sourceTree = "<group>"; };
		4955900F29A6873E003864F6 /* Assets.xcassets */ = {isa = PBXFileReference; lastKnownFileType = folder.assetcatalog; path = Assets.xcassets; sourceTree = "<group>"; };
		4955901129A6873E003864F6 /* MyFirst.entitlements */ = {isa = PBXFileReference; lastKnownFileType = text.plist.entitlements; path = MyFirst.entitlements; sourceTree = "<group>"; };
		4955901329A6873E003864F6 /* Preview Assets.xcassets */ = {isa = PBXFileReference; lastKnownFileType = folder.assetcatalog; path = "Preview Assets.xcassets"; sourceTree = "<group>"; };
		4955901929A6873F003864F6 /* MyFirstTests.xctest */ = {isa = PBXFileReference; explicitFileType = wrapper.cfbundle; includeInIndex = 0; path = MyFirstTests.xctest; sourceTree = BUILT_PRODUCTS_DIR; };
		4955901D29A6873F003864F6 /* MyFirstTests.swift */ = {isa = PBXFileReference; lastKnownFileType = sourcecode.swift; path = MyFirstTests.swift; sourceTree = "<group>"; };
		4955902329A6873F003864F6 /* MyFirstUITests.xctest */ = {isa = PBXFileReference; explicitFileType = wrapper.cfbundle; includeInIndex = 0; path = MyFirstUITests.xctest; sourceTree = BUILT_PRODUCTS_DIR; };
		4955902729A6873F003864F6 /* MyFirstUITests.swift */ = {isa = PBXFileReference; lastKnownFileType = sourcecode.swift; path = MyFirstUITests.swift; sourceTree = "<group>"; };
		4955902929A6873F003864F6 /* MyFirstUITestsLaunchTests.swift */ = {isa = PBXFileReference; lastKnownFileType = sourcecode.swift; path = MyFirstUITestsLaunchTests.swift; sourceTree = "<group>"; };
		4984724429DC716A00E39AC5 /* Api.swift */ = {isa = PBXFileReference; lastKnownFileType = sourcecode.swift; path = Api.swift; sourceTree = "<group>"; };
		4984724729DC71A400E39AC5 /* Country.swift */ = {isa = PBXFileReference; lastKnownFileType = sourcecode.swift; path = Country.swift; sourceTree = "<group>"; };
		4984724929DC78E400E39AC5 /* City.swift */ = {isa = PBXFileReference; lastKnownFileType = sourcecode.swift; path = City.swift; sourceTree = "<group>"; };
		4984724B29DC7B7100E39AC5 /* Info.plist */ = {isa = PBXFileReference; lastKnownFileType = text.plist.xml; path = Info.plist; sourceTree = "<group>"; };
		49B95C3429F5946300D189EE /* Product.swift */ = {isa = PBXFileReference; lastKnownFileType = sourcecode.swift; path = Product.swift; sourceTree = "<group>"; };
		49B95C3629F5950200D189EE /* Item.swift */ = {isa = PBXFileReference; lastKnownFileType = sourcecode.swift; path = Item.swift; sourceTree = "<group>"; };
		49B95C3929F5A2B100D189EE /* ProductDetailView.swift */ = {isa = PBXFileReference; fileEncoding = 4; lastKnownFileType = sourcecode.swift; path = ProductDetailView.swift; sourceTree = "<group>"; };
		49E8B80F29AB80940075A1A3 /* Values.swift */ = {isa = PBXFileReference; lastKnownFileType = sourcecode.swift; path = Values.swift; sourceTree = "<group>"; };
		B236A3282C21E536008FBCAD /* Extensions.swift */ = {isa = PBXFileReference; lastKnownFileType = sourcecode.swift; path = Extensions.swift; sourceTree = "<group>"; };
		B236A3722C254F67008FBCAD /* Continuations.swift */ = {isa = PBXFileReference; lastKnownFileType = sourcecode.swift; path = Continuations.swift; sourceTree = "<group>"; };
		B236A3742C25D63C008FBCAD /* Enums.swift */ = {isa = PBXFileReference; lastKnownFileType = sourcecode.swift; path = Enums.swift; sourceTree = "<group>"; };
/* End PBXFileReference section */

/* Begin PBXFrameworksBuildPhase section */
		4955900529A6873D003864F6 /* Frameworks */ = {
			isa = PBXFrameworksBuildPhase;
			buildActionMask = 2147483647;
			files = (
			);
			runOnlyForDeploymentPostprocessing = 0;
		};
		4955901629A6873F003864F6 /* Frameworks */ = {
			isa = PBXFrameworksBuildPhase;
			buildActionMask = 2147483647;
			files = (
			);
			runOnlyForDeploymentPostprocessing = 0;
		};
		4955902029A6873F003864F6 /* Frameworks */ = {
			isa = PBXFrameworksBuildPhase;
			buildActionMask = 2147483647;
			files = (
			);
			runOnlyForDeploymentPostprocessing = 0;
		};
/* End PBXFrameworksBuildPhase section */

/* Begin PBXGroup section */
		49558FFF29A6873D003864F6 = {
			isa = PBXGroup;
			children = (
				4955900A29A6873D003864F6 /* MyFirst */,
				4955901C29A6873F003864F6 /* MyFirstTests */,
				4955902629A6873F003864F6 /* MyFirstUITests */,
				4955900929A6873D003864F6 /* Products */,
			);
			sourceTree = "<group>";
		};
		4955900929A6873D003864F6 /* Products */ = {
			isa = PBXGroup;
			children = (
				4955900829A6873D003864F6 /* MyFirst.app */,
				4955901929A6873F003864F6 /* MyFirstTests.xctest */,
				4955902329A6873F003864F6 /* MyFirstUITests.xctest */,
			);
			name = Products;
			sourceTree = "<group>";
		};
		4955900A29A6873D003864F6 /* MyFirst */ = {
			isa = PBXGroup;
			children = (
				B236A3272C21E51D008FBCAD /* Extensions */,
				49B95C3829F5A08F00D189EE /* Views */,
				4984724629DC718800E39AC5 /* Models */,
				4984724329DC715200E39AC5 /* Backend */,
				49E8B80E29AB80830075A1A3 /* Data */,
				4955900B29A6873D003864F6 /* MyFirstApp.swift */,
				4984724B29DC7B7100E39AC5 /* Info.plist */,
				4955900F29A6873E003864F6 /* Assets.xcassets */,
				4955901129A6873E003864F6 /* MyFirst.entitlements */,
				4955901229A6873E003864F6 /* Preview Content */,
			);
			path = MyFirst;
			sourceTree = "<group>";
		};
		4955901229A6873E003864F6 /* Preview Content */ = {
			isa = PBXGroup;
			children = (
				4955901329A6873E003864F6 /* Preview Assets.xcassets */,
			);
			path = "Preview Content";
			sourceTree = "<group>";
		};
		4955901C29A6873F003864F6 /* MyFirstTests */ = {
			isa = PBXGroup;
			children = (
				4955901D29A6873F003864F6 /* MyFirstTests.swift */,
			);
			path = MyFirstTests;
			sourceTree = "<group>";
		};
		4955902629A6873F003864F6 /* MyFirstUITests */ = {
			isa = PBXGroup;
			children = (
				4955902729A6873F003864F6 /* MyFirstUITests.swift */,
				4955902929A6873F003864F6 /* MyFirstUITestsLaunchTests.swift */,
			);
			path = MyFirstUITests;
			sourceTree = "<group>";
		};
		4984724329DC715200E39AC5 /* Backend */ = {
			isa = PBXGroup;
			children = (
				4984724429DC716A00E39AC5 /* Api.swift */,
			);
			path = Backend;
			sourceTree = "<group>";
		};
		4984724629DC718800E39AC5 /* Models */ = {
			isa = PBXGroup;
			children = (
				4984724729DC71A400E39AC5 /* Country.swift */,
				4984724929DC78E400E39AC5 /* City.swift */,
				49B95C3429F5946300D189EE /* Product.swift */,
				49B95C3629F5950200D189EE /* Item.swift */,
			);
			name = Models;
			sourceTree = "<group>";
		};
		49B95C3829F5A08F00D189EE /* Views */ = {
			isa = PBXGroup;
			children = (
				49B95C3929F5A2B100D189EE /* ProductDetailView.swift */,
				4955900D29A6873D003864F6 /* ContentView.swift */,
			);
			path = Views;
			sourceTree = "<group>";
		};
		49E8B80E29AB80830075A1A3 /* Data */ = {
			isa = PBXGroup;
			children = (
				49E8B80F29AB80940075A1A3 /* Values.swift */,
				B236A3742C25D63C008FBCAD /* Enums.swift */,
			);
			path = Data;
			sourceTree = "<group>";
		};
		B236A3272C21E51D008FBCAD /* Extensions */ = {
			isa = PBXGroup;
			children = (
				B236A3282C21E536008FBCAD /* Extensions.swift */,
				B236A3722C254F67008FBCAD /* Continuations.swift */,
			);
			path = Extensions;
			sourceTree = "<group>";
		};
/* End PBXGroup section */

/* Begin PBXNativeTarget section */
		4955900729A6873D003864F6 /* MyFirst */ = {
			isa = PBXNativeTarget;
			buildConfigurationList = 4955902D29A6873F003864F6 /* Build configuration list for PBXNativeTarget "MyFirst" */;
			buildPhases = (
				4955900429A6873D003864F6 /* Sources */,
				4955900529A6873D003864F6 /* Frameworks */,
				4955900629A6873D003864F6 /* Resources */,
			);
			buildRules = (
			);
			dependencies = (
			);
			name = MyFirst;
			productName = MyFirst;
			productReference = 4955900829A6873D003864F6 /* MyFirst.app */;
			productType = "com.apple.product-type.application";
		};
		4955901829A6873F003864F6 /* MyFirstTests */ = {
			isa = PBXNativeTarget;
			buildConfigurationList = 4955903029A6873F003864F6 /* Build configuration list for PBXNativeTarget "MyFirstTests" */;
			buildPhases = (
				4955901529A6873F003864F6 /* Sources */,
				4955901629A6873F003864F6 /* Frameworks */,
				4955901729A6873F003864F6 /* Resources */,
			);
			buildRules = (
			);
			dependencies = (
				4955901B29A6873F003864F6 /* PBXTargetDependency */,
			);
			name = MyFirstTests;
			productName = MyFirstTests;
			productReference = 4955901929A6873F003864F6 /* MyFirstTests.xctest */;
			productType = "com.apple.product-type.bundle.unit-test";
		};
		4955902229A6873F003864F6 /* MyFirstUITests */ = {
			isa = PBXNativeTarget;
			buildConfigurationList = 4955903329A6873F003864F6 /* Build configuration list for PBXNativeTarget "MyFirstUITests" */;
			buildPhases = (
				4955901F29A6873F003864F6 /* Sources */,
				4955902029A6873F003864F6 /* Frameworks */,
				4955902129A6873F003864F6 /* Resources */,
			);
			buildRules = (
			);
			dependencies = (
				4955902529A6873F003864F6 /* PBXTargetDependency */,
			);
			name = MyFirstUITests;
			productName = MyFirstUITests;
			productReference = 4955902329A6873F003864F6 /* MyFirstUITests.xctest */;
			productType = "com.apple.product-type.bundle.ui-testing";
		};
/* End PBXNativeTarget section */

/* Begin PBXProject section */
		4955900029A6873D003864F6 /* Project object */ = {
			isa = PBXProject;
			attributes = {
				BuildIndependentTargetsInParallel = 1;
				LastSwiftUpdateCheck = 1420;
				LastUpgradeCheck = 1430;
				TargetAttributes = {
					4955900729A6873D003864F6 = {
						CreatedOnToolsVersion = 14.2;
					};
					4955901829A6873F003864F6 = {
						CreatedOnToolsVersion = 14.2;
						TestTargetID = 4955900729A6873D003864F6;
					};
					4955902229A6873F003864F6 = {
						CreatedOnToolsVersion = 14.2;
						TestTargetID = 4955900729A6873D003864F6;
					};
				};
			};
			buildConfigurationList = 4955900329A6873D003864F6 /* Build configuration list for PBXProject "MyFirst" */;
			compatibilityVersion = "Xcode 14.0";
			developmentRegion = en;
			hasScannedForEncodings = 0;
			knownRegions = (
				en,
				Base,
			);
			mainGroup = 49558FFF29A6873D003864F6;
			productRefGroup = 4955900929A6873D003864F6 /* Products */;
			projectDirPath = "";
			projectRoot = "";
			targets = (
				4955900729A6873D003864F6 /* MyFirst */,
				4955901829A6873F003864F6 /* MyFirstTests */,
				4955902229A6873F003864F6 /* MyFirstUITests */,
			);
		};
/* End PBXProject section */

/* Begin PBXResourcesBuildPhase section */
		4955900629A6873D003864F6 /* Resources */ = {
			isa = PBXResourcesBuildPhase;
			buildActionMask = 2147483647;
			files = (
				4955901429A6873E003864F6 /* Preview Assets.xcassets in Resources */,
				4955901029A6873E003864F6 /* Assets.xcassets in Resources */,
			);
			runOnlyForDeploymentPostprocessing = 0;
		};
		4955901729A6873F003864F6 /* Resources */ = {
			isa = PBXResourcesBuildPhase;
			buildActionMask = 2147483647;
			files = (
			);
			runOnlyForDeploymentPostprocessing = 0;
		};
		4955902129A6873F003864F6 /* Resources */ = {
			isa = PBXResourcesBuildPhase;
			buildActionMask = 2147483647;
			files = (
			);
			runOnlyForDeploymentPostprocessing = 0;
		};
/* End PBXResourcesBuildPhase section */

/* Begin PBXSourcesBuildPhase section */
		4955900429A6873D003864F6 /* Sources */ = {
			isa = PBXSourcesBuildPhase;
			buildActionMask = 2147483647;
			files = (
				4955900E29A6873D003864F6 /* ContentView.swift in Sources */,
				4955900C29A6873D003864F6 /* MyFirstApp.swift in Sources */,
				4984724A29DC78E400E39AC5 /* City.swift in Sources */,
				4984724529DC716A00E39AC5 /* Api.swift in Sources */,
				49B95C3729F5950200D189EE /* Item.swift in Sources */,
				B236A3292C21E536008FBCAD /* Extensions.swift in Sources */,
				4984724829DC71A400E39AC5 /* Country.swift in Sources */,
				B236A3732C254F67008FBCAD /* Continuations.swift in Sources */,
				49E8B81029AB80940075A1A3 /* Values.swift in Sources */,
				49B95C3529F5946300D189EE /* Product.swift in Sources */,
				B236A3752C25D63C008FBCAD /* Enums.swift in Sources */,
				49B95C3A29F5A2B100D189EE /* ProductDetailView.swift in Sources */,
			);
			runOnlyForDeploymentPostprocessing = 0;
		};
		4955901529A6873F003864F6 /* Sources */ = {
			isa = PBXSourcesBuildPhase;
			buildActionMask = 2147483647;
			files = (
				4955901E29A6873F003864F6 /* MyFirstTests.swift in Sources */,
			);
			runOnlyForDeploymentPostprocessing = 0;
		};
		4955901F29A6873F003864F6 /* Sources */ = {
			isa = PBXSourcesBuildPhase;
			buildActionMask = 2147483647;
			files = (
				4955902829A6873F003864F6 /* MyFirstUITests.swift in Sources */,
				4955902A29A6873F003864F6 /* MyFirstUITestsLaunchTests.swift in Sources */,
			);
			runOnlyForDeploymentPostprocessing = 0;
		};
/* End PBXSourcesBuildPhase section */

/* Begin PBXTargetDependency section */
		4955901B29A6873F003864F6 /* PBXTargetDependency */ = {
			isa = PBXTargetDependency;
			target = 4955900729A6873D003864F6 /* MyFirst */;
			targetProxy = 4955901A29A6873F003864F6 /* PBXContainerItemProxy */;
		};
		4955902529A6873F003864F6 /* PBXTargetDependency */ = {
			isa = PBXTargetDependency;
			target = 4955900729A6873D003864F6 /* MyFirst */;
			targetProxy = 4955902429A6873F003864F6 /* PBXContainerItemProxy */;
		};
/* End PBXTargetDependency section */

/* Begin XCBuildConfiguration section */
		4955902B29A6873F003864F6 /* Debug */ = {
			isa = XCBuildConfiguration;
			buildSettings = {
				ALWAYS_SEARCH_USER_PATHS = NO;
				CLANG_ANALYZER_NONNULL = YES;
				CLANG_ANALYZER_NUMBER_OBJECT_CONVERSION = YES_AGGRESSIVE;
				CLANG_CXX_LANGUAGE_STANDARD = "gnu++20";
				CLANG_ENABLE_MODULES = YES;
				CLANG_ENABLE_OBJC_ARC = YES;
				CLANG_ENABLE_OBJC_WEAK = YES;
				CLANG_WARN_BLOCK_CAPTURE_AUTORELEASING = YES;
				CLANG_WARN_BOOL_CONVERSION = YES;
				CLANG_WARN_COMMA = YES;
				CLANG_WARN_CONSTANT_CONVERSION = YES;
				CLANG_WARN_DEPRECATED_OBJC_IMPLEMENTATIONS = YES;
				CLANG_WARN_DIRECT_OBJC_ISA_USAGE = YES_ERROR;
				CLANG_WARN_DOCUMENTATION_COMMENTS = YES;
				CLANG_WARN_EMPTY_BODY = YES;
				CLANG_WARN_ENUM_CONVERSION = YES;
				CLANG_WARN_INFINITE_RECURSION = YES;
				CLANG_WARN_INT_CONVERSION = YES;
				CLANG_WARN_NON_LITERAL_NULL_CONVERSION = YES;
				CLANG_WARN_OBJC_IMPLICIT_RETAIN_SELF = YES;
				CLANG_WARN_OBJC_LITERAL_CONVERSION = YES;
				CLANG_WARN_OBJC_ROOT_CLASS = YES_ERROR;
				CLANG_WARN_QUOTED_INCLUDE_IN_FRAMEWORK_HEADER = YES;
				CLANG_WARN_RANGE_LOOP_ANALYSIS = YES;
				CLANG_WARN_STRICT_PROTOTYPES = YES;
				CLANG_WARN_SUSPICIOUS_MOVE = YES;
				CLANG_WARN_UNGUARDED_AVAILABILITY = YES_AGGRESSIVE;
				CLANG_WARN_UNREACHABLE_CODE = YES;
				CLANG_WARN__DUPLICATE_METHOD_MATCH = YES;
				COPY_PHASE_STRIP = NO;
				DEAD_CODE_STRIPPING = YES;
				DEBUG_INFORMATION_FORMAT = dwarf;
				ENABLE_STRICT_OBJC_MSGSEND = YES;
				ENABLE_TESTABILITY = YES;
				GCC_C_LANGUAGE_STANDARD = gnu11;
				GCC_DYNAMIC_NO_PIC = NO;
				GCC_NO_COMMON_BLOCKS = YES;
				GCC_OPTIMIZATION_LEVEL = 0;
				GCC_PREPROCESSOR_DEFINITIONS = (
					"DEBUG=1",
					"$(inherited)",
				);
				GCC_WARN_64_TO_32_BIT_CONVERSION = YES;
				GCC_WARN_ABOUT_RETURN_TYPE = YES_ERROR;
				GCC_WARN_UNDECLARED_SELECTOR = YES;
				GCC_WARN_UNINITIALIZED_AUTOS = YES_AGGRESSIVE;
				GCC_WARN_UNUSED_FUNCTION = YES;
				GCC_WARN_UNUSED_VARIABLE = YES;
				MTL_ENABLE_DEBUG_INFO = INCLUDE_SOURCE;
				MTL_FAST_MATH = YES;
				ONLY_ACTIVE_ARCH = YES;
				SWIFT_ACTIVE_COMPILATION_CONDITIONS = DEBUG;
				SWIFT_OPTIMIZATION_LEVEL = "-Onone";
			};
			name = Debug;
		};
		4955902C29A6873F003864F6 /* Release */ = {
			isa = XCBuildConfiguration;
			buildSettings = {
				ALWAYS_SEARCH_USER_PATHS = NO;
				CLANG_ANALYZER_NONNULL = YES;
				CLANG_ANALYZER_NUMBER_OBJECT_CONVERSION = YES_AGGRESSIVE;
				CLANG_CXX_LANGUAGE_STANDARD = "gnu++20";
				CLANG_ENABLE_MODULES = YES;
				CLANG_ENABLE_OBJC_ARC = YES;
				CLANG_ENABLE_OBJC_WEAK = YES;
				CLANG_WARN_BLOCK_CAPTURE_AUTORELEASING = YES;
				CLANG_WARN_BOOL_CONVERSION = YES;
				CLANG_WARN_COMMA = YES;
				CLANG_WARN_CONSTANT_CONVERSION = YES;
				CLANG_WARN_DEPRECATED_OBJC_IMPLEMENTATIONS = YES;
				CLANG_WARN_DIRECT_OBJC_ISA_USAGE = YES_ERROR;
				CLANG_WARN_DOCUMENTATION_COMMENTS = YES;
				CLANG_WARN_EMPTY_BODY = YES;
				CLANG_WARN_ENUM_CONVERSION = YES;
				CLANG_WARN_INFINITE_RECURSION = YES;
				CLANG_WARN_INT_CONVERSION = YES;
				CLANG_WARN_NON_LITERAL_NULL_CONVERSION = YES;
				CLANG_WARN_OBJC_IMPLICIT_RETAIN_SELF = YES;
				CLANG_WARN_OBJC_LITERAL_CONVERSION = YES;
				CLANG_WARN_OBJC_ROOT_CLASS = YES_ERROR;
				CLANG_WARN_QUOTED_INCLUDE_IN_FRAMEWORK_HEADER = YES;
				CLANG_WARN_RANGE_LOOP_ANALYSIS = YES;
				CLANG_WARN_STRICT_PROTOTYPES = YES;
				CLANG_WARN_SUSPICIOUS_MOVE = YES;
				CLANG_WARN_UNGUARDED_AVAILABILITY = YES_AGGRESSIVE;
				CLANG_WARN_UNREACHABLE_CODE = YES;
				CLANG_WARN__DUPLICATE_METHOD_MATCH = YES;
				COPY_PHASE_STRIP = NO;
				DEAD_CODE_STRIPPING = YES;
				DEBUG_INFORMATION_FORMAT = "dwarf-with-dsym";
				ENABLE_NS_ASSERTIONS = NO;
				ENABLE_STRICT_OBJC_MSGSEND = YES;
				GCC_C_LANGUAGE_STANDARD = gnu11;
				GCC_NO_COMMON_BLOCKS = YES;
				GCC_WARN_64_TO_32_BIT_CONVERSION = YES;
				GCC_WARN_ABOUT_RETURN_TYPE = YES_ERROR;
				GCC_WARN_UNDECLARED_SELECTOR = YES;
				GCC_WARN_UNINITIALIZED_AUTOS = YES_AGGRESSIVE;
				GCC_WARN_UNUSED_FUNCTION = YES;
				GCC_WARN_UNUSED_VARIABLE = YES;
				MTL_ENABLE_DEBUG_INFO = NO;
				MTL_FAST_MATH = YES;
				SWIFT_COMPILATION_MODE = wholemodule;
				SWIFT_OPTIMIZATION_LEVEL = "-O";
			};
			name = Release;
		};
		4955902E29A6873F003864F6 /* Debug */ = {
			isa = XCBuildConfiguration;
			buildSettings = {
				ASSETCATALOG_COMPILER_APPICON_NAME = AppIcon;
				ASSETCATALOG_COMPILER_GLOBAL_ACCENT_COLOR_NAME = AccentColor;
				CODE_SIGN_ENTITLEMENTS = MyFirst/MyFirst.entitlements;
				CODE_SIGN_STYLE = Automatic;
				CURRENT_PROJECT_VERSION = 1;
				DEAD_CODE_STRIPPING = YES;
				DEVELOPMENT_ASSET_PATHS = "MyFirst/Preview\\ Content MyFirst/Assets.xcassets";
				DEVELOPMENT_TEAM = M2488T587D;
				ENABLE_HARDENED_RUNTIME = YES;
				ENABLE_PREVIEWS = YES;
				GENERATE_INFOPLIST_FILE = YES;
				INFOPLIST_FILE = MyFirst/Info.plist;
				"INFOPLIST_KEY_UIApplicationSceneManifest_Generation[sdk=iphoneos*]" = YES;
				"INFOPLIST_KEY_UIApplicationSceneManifest_Generation[sdk=iphonesimulator*]" = YES;
				"INFOPLIST_KEY_UIApplicationSupportsIndirectInputEvents[sdk=iphoneos*]" = YES;
				"INFOPLIST_KEY_UIApplicationSupportsIndirectInputEvents[sdk=iphonesimulator*]" = YES;
				"INFOPLIST_KEY_UILaunchScreen_Generation[sdk=iphoneos*]" = YES;
				"INFOPLIST_KEY_UILaunchScreen_Generation[sdk=iphonesimulator*]" = YES;
				"INFOPLIST_KEY_UIStatusBarStyle[sdk=iphoneos*]" = UIStatusBarStyleDefault;
				"INFOPLIST_KEY_UIStatusBarStyle[sdk=iphonesimulator*]" = UIStatusBarStyleDefault;
				INFOPLIST_KEY_UISupportedInterfaceOrientations_iPad = "UIInterfaceOrientationPortrait UIInterfaceOrientationPortraitUpsideDown UIInterfaceOrientationLandscapeLeft UIInterfaceOrientationLandscapeRight";
				INFOPLIST_KEY_UISupportedInterfaceOrientations_iPhone = "UIInterfaceOrientationPortrait UIInterfaceOrientationLandscapeLeft UIInterfaceOrientationLandscapeRight";
				IPHONEOS_DEPLOYMENT_TARGET = 16.2;
				LD_RUNPATH_SEARCH_PATHS = "@executable_path/Frameworks";
				"LD_RUNPATH_SEARCH_PATHS[sdk=macosx*]" = "@executable_path/../Frameworks";
				MACOSX_DEPLOYMENT_TARGET = 13.1;
				MARKETING_VERSION = 1.0;
				PRODUCT_BUNDLE_IDENTIFIER = cdcd.MyFirst;
				PRODUCT_NAME = "$(TARGET_NAME)";
				SDKROOT = auto;
				SUPPORTED_PLATFORMS = "iphoneos iphonesimulator macosx";
				SWIFT_EMIT_LOC_STRINGS = YES;
				SWIFT_VERSION = 5.0;
				TARGETED_DEVICE_FAMILY = "1,2";
			};
			name = Debug;
		};
		4955902F29A6873F003864F6 /* Release */ = {
			isa = XCBuildConfiguration;
			buildSettings = {
				ASSETCATALOG_COMPILER_APPICON_NAME = AppIcon;
				ASSETCATALOG_COMPILER_GLOBAL_ACCENT_COLOR_NAME = AccentColor;
				CODE_SIGN_ENTITLEMENTS = MyFirst/MyFirst.entitlements;
				CODE_SIGN_STYLE = Automatic;
				CURRENT_PROJECT_VERSION = 1;
				DEAD_CODE_STRIPPING = YES;
				DEVELOPMENT_ASSET_PATHS = "MyFirst/Preview\\ Content MyFirst/Assets.xcassets";
				DEVELOPMENT_TEAM = M2488T587D;
				ENABLE_HARDENED_RUNTIME = YES;
				ENABLE_PREVIEWS = YES;
				GENERATE_INFOPLIST_FILE = YES;
				INFOPLIST_FILE = MyFirst/Info.plist;
				"INFOPLIST_KEY_UIApplicationSceneManifest_Generation[sdk=iphoneos*]" = YES;
				"INFOPLIST_KEY_UIApplicationSceneManifest_Generation[sdk=iphonesimulator*]" = YES;
				"INFOPLIST_KEY_UIApplicationSupportsIndirectInputEvents[sdk=iphoneos*]" = YES;
				"INFOPLIST_KEY_UIApplicationSupportsIndirectInputEvents[sdk=iphonesimulator*]" = YES;
				"INFOPLIST_KEY_UILaunchScreen_Generation[sdk=iphoneos*]" = YES;
				"INFOPLIST_KEY_UILaunchScreen_Generation[sdk=iphonesimulator*]" = YES;
				"INFOPLIST_KEY_UIStatusBarStyle[sdk=iphoneos*]" = UIStatusBarStyleDefault;
				"INFOPLIST_KEY_UIStatusBarStyle[sdk=iphonesimulator*]" = UIStatusBarStyleDefault;
				INFOPLIST_KEY_UISupportedInterfaceOrientations_iPad = "UIInterfaceOrientationPortrait UIInterfaceOrientationPortraitUpsideDown UIInterfaceOrientationLandscapeLeft UIInterfaceOrientationLandscapeRight";
				INFOPLIST_KEY_UISupportedInterfaceOrientations_iPhone = "UIInterfaceOrientationPortrait UIInterfaceOrientationLandscapeLeft UIInterfaceOrientationLandscapeRight";
				IPHONEOS_DEPLOYMENT_TARGET = 16.2;
				LD_RUNPATH_SEARCH_PATHS = "@executable_path/Frameworks";
				"LD_RUNPATH_SEARCH_PATHS[sdk=macosx*]" = "@executable_path/../Frameworks";
				MACOSX_DEPLOYMENT_TARGET = 13.1;
				MARKETING_VERSION = 1.0;
				PRODUCT_BUNDLE_IDENTIFIER = cdcd.MyFirst;
				PRODUCT_NAME = "$(TARGET_NAME)";
				SDKROOT = auto;
				SUPPORTED_PLATFORMS = "iphoneos iphonesimulator macosx";
				SWIFT_EMIT_LOC_STRINGS = YES;
				SWIFT_VERSION = 5.0;
				TARGETED_DEVICE_FAMILY = "1,2";
			};
			name = Release;
		};
		4955903129A6873F003864F6 /* Debug */ = {
			isa = XCBuildConfiguration;
			buildSettings = {
				ALWAYS_EMBED_SWIFT_STANDARD_LIBRARIES = YES;
				BUNDLE_LOADER = "$(TEST_HOST)";
				CODE_SIGN_STYLE = Automatic;
				CURRENT_PROJECT_VERSION = 1;
				DEAD_CODE_STRIPPING = YES;
				DEVELOPMENT_TEAM = XFVU79LL6M;
				GENERATE_INFOPLIST_FILE = YES;
				IPHONEOS_DEPLOYMENT_TARGET = 16.2;
				MACOSX_DEPLOYMENT_TARGET = 13.1;
				MARKETING_VERSION = 1.0;
				PRODUCT_BUNDLE_IDENTIFIER = cdcd.MyFirstTests;
				PRODUCT_NAME = "$(TARGET_NAME)";
				SDKROOT = auto;
				SUPPORTED_PLATFORMS = "iphoneos iphonesimulator macosx";
				SWIFT_EMIT_LOC_STRINGS = NO;
				SWIFT_VERSION = 5.0;
				TARGETED_DEVICE_FAMILY = "1,2";
				TEST_HOST = "$(BUILT_PRODUCTS_DIR)/MyFirst.app/$(BUNDLE_EXECUTABLE_FOLDER_PATH)/MyFirst";
			};
			name = Debug;
		};
		4955903229A6873F003864F6 /* Release */ = {
			isa = XCBuildConfiguration;
			buildSettings = {
				ALWAYS_EMBED_SWIFT_STANDARD_LIBRARIES = YES;
				BUNDLE_LOADER = "$(TEST_HOST)";
				CODE_SIGN_STYLE = Automatic;
				CURRENT_PROJECT_VERSION = 1;
				DEAD_CODE_STRIPPING = YES;
				DEVELOPMENT_TEAM = XFVU79LL6M;
				GENERATE_INFOPLIST_FILE = YES;
				IPHONEOS_DEPLOYMENT_TARGET = 16.2;
				MACOSX_DEPLOYMENT_TARGET = 13.1;
				MARKETING_VERSION = 1.0;
				PRODUCT_BUNDLE_IDENTIFIER = cdcd.MyFirstTests;
				PRODUCT_NAME = "$(TARGET_NAME)";
				SDKROOT = auto;
				SUPPORTED_PLATFORMS = "iphoneos iphonesimulator macosx";
				SWIFT_EMIT_LOC_STRINGS = NO;
				SWIFT_VERSION = 5.0;
				TARGETED_DEVICE_FAMILY = "1,2";
				TEST_HOST = "$(BUILT_PRODUCTS_DIR)/MyFirst.app/$(BUNDLE_EXECUTABLE_FOLDER_PATH)/MyFirst";
			};
			name = Release;
		};
		4955903429A6873F003864F6 /* Debug */ = {
			isa = XCBuildConfiguration;
			buildSettings = {
				ALWAYS_EMBED_SWIFT_STANDARD_LIBRARIES = YES;
				CODE_SIGN_STYLE = Automatic;
				CURRENT_PROJECT_VERSION = 1;
				DEAD_CODE_STRIPPING = YES;
				DEVELOPMENT_TEAM = XFVU79LL6M;
				GENERATE_INFOPLIST_FILE = YES;
				IPHONEOS_DEPLOYMENT_TARGET = 16.2;
				MACOSX_DEPLOYMENT_TARGET = 13.1;
				MARKETING_VERSION = 1.0;
				PRODUCT_BUNDLE_IDENTIFIER = cdcd.MyFirstUITests;
				PRODUCT_NAME = "$(TARGET_NAME)";
				SDKROOT = auto;
				SUPPORTED_PLATFORMS = "iphoneos iphonesimulator macosx";
				SWIFT_EMIT_LOC_STRINGS = NO;
				SWIFT_VERSION = 5.0;
				TARGETED_DEVICE_FAMILY = "1,2";
				TEST_TARGET_NAME = MyFirst;
			};
			name = Debug;
		};
		4955903529A6873F003864F6 /* Release */ = {
			isa = XCBuildConfiguration;
			buildSettings = {
				ALWAYS_EMBED_SWIFT_STANDARD_LIBRARIES = YES;
				CODE_SIGN_STYLE = Automatic;
				CURRENT_PROJECT_VERSION = 1;
				DEAD_CODE_STRIPPING = YES;
				DEVELOPMENT_TEAM = XFVU79LL6M;
				GENERATE_INFOPLIST_FILE = YES;
				IPHONEOS_DEPLOYMENT_TARGET = 16.2;
				MACOSX_DEPLOYMENT_TARGET = 13.1;
				MARKETING_VERSION = 1.0;
				PRODUCT_BUNDLE_IDENTIFIER = cdcd.MyFirstUITests;
				PRODUCT_NAME = "$(TARGET_NAME)";
				SDKROOT = auto;
				SUPPORTED_PLATFORMS = "iphoneos iphonesimulator macosx";
				SWIFT_EMIT_LOC_STRINGS = NO;
				SWIFT_VERSION = 5.0;
				TARGETED_DEVICE_FAMILY = "1,2";
				TEST_TARGET_NAME = MyFirst;
			};
			name = Release;
		};
/* End XCBuildConfiguration section */

/* Begin XCConfigurationList section */
		4955900329A6873D003864F6 /* Build configuration list for PBXProject "MyFirst" */ = {
			isa = XCConfigurationList;
			buildConfigurations = (
				4955902B29A6873F003864F6 /* Debug */,
				4955902C29A6873F003864F6 /* Release */,
			);
			defaultConfigurationIsVisible = 0;
			defaultConfigurationName = Release;
		};
		4955902D29A6873F003864F6 /* Build configuration list for PBXNativeTarget "MyFirst" */ = {
			isa = XCConfigurationList;
			buildConfigurations = (
				4955902E29A6873F003864F6 /* Debug */,
				4955902F29A6873F003864F6 /* Release */,
			);
			defaultConfigurationIsVisible = 0;
			defaultConfigurationName = Release;
		};
		4955903029A6873F003864F6 /* Build configuration list for PBXNativeTarget "MyFirstTests" */ = {
			isa = XCConfigurationList;
			buildConfigurations = (
				4955903129A6873F003864F6 /* Debug */,
				4955903229A6873F003864F6 /* Release */,
			);
			defaultConfigurationIsVisible = 0;
			defaultConfigurationName = Release;
		};
		4955903329A6873F003864F6 /* Build configuration list for PBXNativeTarget "MyFirstUITests" */ = {
			isa = XCConfigurationList;
			buildConfigurations = (
				4955903429A6873F003864F6 /* Debug */,
				4955903529A6873F003864F6 /* Release */,
			);
			defaultConfigurationIsVisible = 0;
			defaultConfigurationName = Release;
		};
/* End XCConfigurationList section */
	};
	rootObject = 4955900029A6873D003864F6 /* Project object */;
}
